
Microsoft Visual Studio Solution File, Format Version 12.00
# Visual Studio Version 17
VisualStudioVersion = 17.5.33530.505
MinimumVisualStudioVersion = 10.0.40219.1
Project("{9A19103F-16F7-4668-BE54-9A1E7A4F7556}") = "Announcment", "Announcment\Announcment.csproj", "{DDD9729F-7A06-4B1A-BA1F-122C618BB7D2}"
EndProject
Global
	GlobalSection(SolutionConfigurationPlatforms) = preSolution
		Debug|Any CPU = Debug|Any CPU
		Release|Any CPU = Release|Any CPU
	EndGlobalSection
	GlobalSection(ProjectConfigurationPlatforms) = postSolution
		{DDD9729F-7A06-4B1A-BA1F-122C618BB7D2}.Debug|Any CPU.ActiveCfg = Debug|Any CPU
		{DDD9729F-7A06-4B1A-BA1F-122C618BB7D2}.Debug|Any CPU.Build.0 = Debug|Any CPU
		{DDD9729F-7A06-4B1A-BA1F-122C618BB7D2}.Release|Any CPU.ActiveCfg = Release|Any CPU
		{DDD9729F-7A06-4B1A-BA1F-122C618BB7D2}.Release|Any CPU.Build.0 = Release|Any CPU
	EndGlobalSection
	GlobalSection(SolutionProperties) = preSolution
		HideSolutionNode = FALSE
	EndGlobalSection
	GlobalSection(ExtensibilityGlobals) = postSolution
		SolutionGuid = {0DD7A543-B971-4447-902E-7C1C3BB588D6}
	EndGlobalSection
EndGlobal
